// !$*UTF8*$!
{
	archiveVersion = 1;
	classes = {
	};
	objectVersion = 46;
	objects = {

/* Begin PBXBuildFile section */
		D0180BCA18405C7B00FA8E9E /* CardMatchingGame.m in Sources */ = {isa = PBXBuildFile; fileRef = D0180BC918405C7B00FA8E9E /* CardMatchingGame.m */; };
		D090E4B8183FD063008E7064 /* Foundation.framework in Frameworks */ = {isa = PBXBuildFile; fileRef = D090E4B7183FD063008E7064 /* Foundation.framework */; };
		D090E4BA183FD063008E7064 /* CoreGraphics.framework in Frameworks */ = {isa = PBXBuildFile; fileRef = D090E4B9183FD063008E7064 /* CoreGraphics.framework */; };
		D090E4BC183FD063008E7064 /* UIKit.framework in Frameworks */ = {isa = PBXBuildFile; fileRef = D090E4BB183FD063008E7064 /* UIKit.framework */; };
		D090E4C2183FD063008E7064 /* InfoPlist.strings in Resources */ = {isa = PBXBuildFile; fileRef = D090E4C0183FD063008E7064 /* InfoPlist.strings */; };
		D090E4C4183FD063008E7064 /* main.m in Sources */ = {isa = PBXBuildFile; fileRef = D090E4C3183FD063008E7064 /* main.m */; };
		D090E4C8183FD063008E7064 /* CardGameAppDelegate.m in Sources */ = {isa = PBXBuildFile; fileRef = D090E4C7183FD063008E7064 /* CardGameAppDelegate.m */; };
		D090E4CB183FD064008E7064 /* Main.storyboard in Resources */ = {isa = PBXBuildFile; fileRef = D090E4C9183FD064008E7064 /* Main.storyboard */; };
		D090E4CE183FD064008E7064 /* CardGameViewController.m in Sources */ = {isa = PBXBuildFile; fileRef = D090E4CD183FD064008E7064 /* CardGameViewController.m */; };
		D090E4D0183FD064008E7064 /* Images.xcassets in Resources */ = {isa = PBXBuildFile; fileRef = D090E4CF183FD064008E7064 /* Images.xcassets */; };
		D090E4D7183FD064008E7064 /* XCTest.framework in Frameworks */ = {isa = PBXBuildFile; fileRef = D090E4D6183FD064008E7064 /* XCTest.framework */; };
		D090E4D8183FD064008E7064 /* Foundation.framework in Frameworks */ = {isa = PBXBuildFile; fileRef = D090E4B7183FD063008E7064 /* Foundation.framework */; };
		D090E4D9183FD064008E7064 /* UIKit.framework in Frameworks */ = {isa = PBXBuildFile; fileRef = D090E4BB183FD063008E7064 /* UIKit.framework */; };
		D090E4E1183FD064008E7064 /* InfoPlist.strings in Resources */ = {isa = PBXBuildFile; fileRef = D090E4DF183FD064008E7064 /* InfoPlist.strings */; };
		D090E4E3183FD064008E7064 /* MatchismoTests.m in Sources */ = {isa = PBXBuildFile; fileRef = D090E4E2183FD064008E7064 /* MatchismoTests.m */; };
		D0B255B0183FD58D007B2DE7 /* Card.m in Sources */ = {isa = PBXBuildFile; fileRef = D0B255AF183FD58D007B2DE7 /* Card.m */; };
		D0B255B4183FD67C007B2DE7 /* Deck.m in Sources */ = {isa = PBXBuildFile; fileRef = D0B255B3183FD67C007B2DE7 /* Deck.m */; };
		D0B255B7183FD6A1007B2DE7 /* PlayingCard.m in Sources */ = {isa = PBXBuildFile; fileRef = D0B255B6183FD6A1007B2DE7 /* PlayingCard.m */; };
		D0B255BA183FD6C6007B2DE7 /* PlayingCardDeck.m in Sources */ = {isa = PBXBuildFile; fileRef = D0B255B9183FD6C6007B2DE7 /* PlayingCardDeck.m */; };
/* End PBXBuildFile section */

/* Begin PBXContainerItemProxy section */
		D090E4DA183FD064008E7064 /* PBXContainerItemProxy */ = {
			isa = PBXContainerItemProxy;
			containerPortal = D090E4AC183FD063008E7064 /* Project object */;
			proxyType = 1;
			remoteGlobalIDString = D090E4B3183FD063008E7064;
			remoteInfo = Matchismo;
		};
/* End PBXContainerItemProxy section */

/* Begin PBXFileReference section */
		D0180BC818405C7B00FA8E9E /* CardMatchingGame.h */ = {isa = PBXFileReference; fileEncoding = 4; lastKnownFileType = sourcecode.c.h; name = CardMatchingGame.h; path = Model/CardMatchingGame.h; sourceTree = "<group>"; };
		D0180BC918405C7B00FA8E9E /* CardMatchingGame.m */ = {isa = PBXFileReference; fileEncoding = 4; lastKnownFileType = sourcecode.c.objc; name = CardMatchingGame.m; path = Model/CardMatchingGame.m; sourceTree = "<group>"; };
		D090E4B4183FD063008E7064 /* Matchismo.app */ = {isa = PBXFileReference; explicitFileType = wrapper.application; includeInIndex = 0; path = Matchismo.app; sourceTree = BUILT_PRODUCTS_DIR; };
		D090E4B7183FD063008E7064 /* Foundation.framework */ = {isa = PBXFileReference; lastKnownFileType = wrapper.framework; name = Foundation.framework; path = System/Library/Frameworks/Foundation.framework; sourceTree = SDKROOT; };
		D090E4B9183FD063008E7064 /* CoreGraphics.framework */ = {isa = PBXFileReference; lastKnownFileType = wrapper.framework; name = CoreGraphics.framework; path = System/Library/Frameworks/CoreGraphics.framework; sourceTree = SDKROOT; };
		D090E4BB183FD063008E7064 /* UIKit.framework */ = {isa = PBXFileReference; lastKnownFileType = wrapper.framework; name = UIKit.framework; path = System/Library/Frameworks/UIKit.framework; sourceTree = SDKROOT; };
		D090E4BF183FD063008E7064 /* Matchismo-Info.plist */ = {isa = PBXFileReference; lastKnownFileType = text.plist.xml; path = "Matchismo-Info.plist"; sourceTree = "<group>"; };
		D090E4C1183FD063008E7064 /* en */ = {isa = PBXFileReference; lastKnownFileType = text.plist.strings; name = en; path = en.lproj/InfoPlist.strings; sourceTree = "<group>"; };
		D090E4C3183FD063008E7064 /* main.m */ = {isa = PBXFileReference; lastKnownFileType = sourcecode.c.objc; path = main.m; sourceTree = "<group>"; };
		D090E4C5183FD063008E7064 /* Matchismo-Prefix.pch */ = {isa = PBXFileReference; lastKnownFileType = sourcecode.c.h; path = "Matchismo-Prefix.pch"; sourceTree = "<group>"; };
		D090E4C6183FD063008E7064 /* CardGameAppDelegate.h */ = {isa = PBXFileReference; lastKnownFileType = sourcecode.c.h; path = CardGameAppDelegate.h; sourceTree = "<group>"; };
		D090E4C7183FD063008E7064 /* CardGameAppDelegate.m */ = {isa = PBXFileReference; lastKnownFileType = sourcecode.c.objc; path = CardGameAppDelegate.m; sourceTree = "<group>"; };
		D090E4CA183FD064008E7064 /* Base */ = {isa = PBXFileReference; lastKnownFileType = file.storyboard; name = Base; path = Base.lproj/Main.storyboard; sourceTree = "<group>"; };
		D090E4CC183FD064008E7064 /* CardGameViewController.h */ = {isa = PBXFileReference; lastKnownFileType = sourcecode.c.h; path = CardGameViewController.h; sourceTree = "<group>"; };
		D090E4CD183FD064008E7064 /* CardGameViewController.m */ = {isa = PBXFileReference; lastKnownFileType = sourcecode.c.objc; path = CardGameViewController.m; sourceTree = "<group>"; };
		D090E4CF183FD064008E7064 /* Images.xcassets */ = {isa = PBXFileReference; lastKnownFileType = folder.assetcatalog; path = Images.xcassets; sourceTree = "<group>"; };
		D090E4D5183FD064008E7064 /* MatchismoTests.xctest */ = {isa = PBXFileReference; explicitFileType = wrapper.cfbundle; includeInIndex = 0; path = MatchismoTests.xctest; sourceTree = BUILT_PRODUCTS_DIR; };
		D090E4D6183FD064008E7064 /* XCTest.framework */ = {isa = PBXFileReference; lastKnownFileType = wrapper.framework; name = XCTest.framework; path = Library/Frameworks/XCTest.framework; sourceTree = DEVELOPER_DIR; };
		D090E4DE183FD064008E7064 /* MatchismoTests-Info.plist */ = {isa = PBXFileReference; lastKnownFileType = text.plist.xml; path = "MatchismoTests-Info.plist"; sourceTree = "<group>"; };
		D090E4E0183FD064008E7064 /* en */ = {isa = PBXFileReference; lastKnownFileType = text.plist.strings; name = en; path = en.lproj/InfoPlist.strings; sourceTree = "<group>"; };
		D090E4E2183FD064008E7064 /* MatchismoTests.m */ = {isa = PBXFileReference; lastKnownFileType = sourcecode.c.objc; path = MatchismoTests.m; sourceTree = "<group>"; };
		D0B255AE183FD58D007B2DE7 /* Card.h */ = {isa = PBXFileReference; fileEncoding = 4; lastKnownFileType = sourcecode.c.h; name = Card.h; path = Model/Card.h; sourceTree = "<group>"; };
		D0B255AF183FD58D007B2DE7 /* Card.m */ = {isa = PBXFileReference; fileEncoding = 4; lastKnownFileType = sourcecode.c.objc; name = Card.m; path = Model/Card.m; sourceTree = "<group>"; };
		D0B255B2183FD67C007B2DE7 /* Deck.h */ = {isa = PBXFileReference; fileEncoding = 4; lastKnownFileType = sourcecode.c.h; name = Deck.h; path = Model/Deck.h; sourceTree = "<group>"; };
		D0B255B3183FD67C007B2DE7 /* Deck.m */ = {isa = PBXFileReference; fileEncoding = 4; lastKnownFileType = sourcecode.c.objc; name = Deck.m; path = Model/Deck.m; sourceTree = "<group>"; };
		D0B255B5183FD6A1007B2DE7 /* PlayingCard.h */ = {isa = PBXFileReference; fileEncoding = 4; lastKnownFileType = sourcecode.c.h; name = PlayingCard.h; path = Model/PlayingCard.h; sourceTree = "<group>"; };
		D0B255B6183FD6A1007B2DE7 /* PlayingCard.m */ = {isa = PBXFileReference; fileEncoding = 4; lastKnownFileType = sourcecode.c.objc; name = PlayingCard.m; path = Model/PlayingCard.m; sourceTree = "<group>"; };
		D0B255B8183FD6C6007B2DE7 /* PlayingCardDeck.h */ = {isa = PBXFileReference; fileEncoding = 4; lastKnownFileType = sourcecode.c.h; name = PlayingCardDeck.h; path = Model/PlayingCardDeck.h; sourceTree = "<group>"; };
		D0B255B9183FD6C6007B2DE7 /* PlayingCardDeck.m */ = {isa = PBXFileReference; fileEncoding = 4; lastKnownFileType = sourcecode.c.objc; name = PlayingCardDeck.m; path = Model/PlayingCardDeck.m; sourceTree = "<group>"; };
/* End PBXFileReference section */

/* Begin PBXFrameworksBuildPhase section */
		D090E4B1183FD063008E7064 /* Frameworks */ = {
			isa = PBXFrameworksBuildPhase;
			buildActionMask = 2147483647;
			files = (
				D090E4BA183FD063008E7064 /* CoreGraphics.framework in Frameworks */,
				D090E4BC183FD063008E7064 /* UIKit.framework in Frameworks */,
				D090E4B8183FD063008E7064 /* Foundation.framework in Frameworks */,
			);
			runOnlyForDeploymentPostprocessing = 0;
		};
		D090E4D2183FD064008E7064 /* Frameworks */ = {
			isa = PBXFrameworksBuildPhase;
			buildActionMask = 2147483647;
			files = (
				D090E4D7183FD064008E7064 /* XCTest.framework in Frameworks */,
				D090E4D9183FD064008E7064 /* UIKit.framework in Frameworks */,
				D090E4D8183FD064008E7064 /* Foundation.framework in Frameworks */,
			);
			runOnlyForDeploymentPostprocessing = 0;
		};
/* End PBXFrameworksBuildPhase section */

/* Begin PBXGroup section */
		D090E4AB183FD063008E7064 = {
			isa = PBXGroup;
			children = (
				D090E4BD183FD063008E7064 /* Matchismo */,
				D090E4DC183FD064008E7064 /* MatchismoTests */,
				D090E4B6183FD063008E7064 /* Frameworks */,
				D090E4B5183FD063008E7064 /* Products */,
			);
			sourceTree = "<group>";
		};
		D090E4B5183FD063008E7064 /* Products */ = {
			isa = PBXGroup;
			children = (
				D090E4B4183FD063008E7064 /* Matchismo.app */,
				D090E4D5183FD064008E7064 /* MatchismoTests.xctest */,
			);
			name = Products;
			sourceTree = "<group>";
		};
		D090E4B6183FD063008E7064 /* Frameworks */ = {
			isa = PBXGroup;
			children = (
				D090E4B7183FD063008E7064 /* Foundation.framework */,
				D090E4B9183FD063008E7064 /* CoreGraphics.framework */,
				D090E4BB183FD063008E7064 /* UIKit.framework */,
				D090E4D6183FD064008E7064 /* XCTest.framework */,
			);
			name = Frameworks;
			sourceTree = "<group>";
		};
		D090E4BD183FD063008E7064 /* Matchismo */ = {
			isa = PBXGroup;
			children = (
				D090E4C9183FD064008E7064 /* Main.storyboard */,
				D090E4CC183FD064008E7064 /* CardGameViewController.h */,
				D090E4CD183FD064008E7064 /* CardGameViewController.m */,
				D0B255B1183FD594007B2DE7 /* Model */,
				D090E4CF183FD064008E7064 /* Images.xcassets */,
				D090E4BE183FD063008E7064 /* Supporting Files */,
			);
			path = Matchismo;
			sourceTree = "<group>";
		};
		D090E4BE183FD063008E7064 /* Supporting Files */ = {
			isa = PBXGroup;
			children = (
				D090E4C6183FD063008E7064 /* CardGameAppDelegate.h */,
				D090E4C7183FD063008E7064 /* CardGameAppDelegate.m */,
				D090E4BF183FD063008E7064 /* Matchismo-Info.plist */,
				D090E4C0183FD063008E7064 /* InfoPlist.strings */,
				D090E4C3183FD063008E7064 /* main.m */,
				D090E4C5183FD063008E7064 /* Matchismo-Prefix.pch */,
			);
			name = "Supporting Files";
			sourceTree = "<group>";
		};
		D090E4DC183FD064008E7064 /* MatchismoTests */ = {
			isa = PBXGroup;
			children = (
				D090E4E2183FD064008E7064 /* MatchismoTests.m */,
				D090E4DD183FD064008E7064 /* Supporting Files */,
			);
			path = MatchismoTests;
			sourceTree = "<group>";
		};
		D090E4DD183FD064008E7064 /* Supporting Files */ = {
			isa = PBXGroup;
			children = (
				D090E4DE183FD064008E7064 /* MatchismoTests-Info.plist */,
				D090E4DF183FD064008E7064 /* InfoPlist.strings */,
			);
			name = "Supporting Files";
			sourceTree = "<group>";
		};
		D0B255B1183FD594007B2DE7 /* Model */ = {
			isa = PBXGroup;
			children = (
				D0180BC818405C7B00FA8E9E /* CardMatchingGame.h */,
				D0180BC918405C7B00FA8E9E /* CardMatchingGame.m */,
				D0B255AE183FD58D007B2DE7 /* Card.h */,
				D0B255B5183FD6A1007B2DE7 /* PlayingCard.h */,
				D0B255B6183FD6A1007B2DE7 /* PlayingCard.m */,
				D0B255B8183FD6C6007B2DE7 /* PlayingCardDeck.h */,
				D0B255B9183FD6C6007B2DE7 /* PlayingCardDeck.m */,
				D0B255AF183FD58D007B2DE7 /* Card.m */,
				D0B255B2183FD67C007B2DE7 /* Deck.h */,
				D0B255B3183FD67C007B2DE7 /* Deck.m */,
			);
			name = Model;
			sourceTree = "<group>";
		};
/* End PBXGroup section */

/* Begin PBXNativeTarget section */
		D090E4B3183FD063008E7064 /* Matchismo */ = {
			isa = PBXNativeTarget;
			buildConfigurationList = D090E4E6183FD064008E7064 /* Build configuration list for PBXNativeTarget "Matchismo" */;
			buildPhases = (
				D090E4B0183FD063008E7064 /* Sources */,
				D090E4B1183FD063008E7064 /* Frameworks */,
				D090E4B2183FD063008E7064 /* Resources */,
			);
			buildRules = (
			);
			dependencies = (
			);
			name = Matchismo;
			productName = Matchismo;
			productReference = D090E4B4183FD063008E7064 /* Matchismo.app */;
			productType = "com.apple.product-type.application";
		};
		D090E4D4183FD064008E7064 /* MatchismoTests */ = {
			isa = PBXNativeTarget;
			buildConfigurationList = D090E4E9183FD064008E7064 /* Build configuration list for PBXNativeTarget "MatchismoTests" */;
			buildPhases = (
				D090E4D1183FD064008E7064 /* Sources */,
				D090E4D2183FD064008E7064 /* Frameworks */,
				D090E4D3183FD064008E7064 /* Resources */,
			);
			buildRules = (
			);
			dependencies = (
				D090E4DB183FD064008E7064 /* PBXTargetDependency */,
			);
			name = MatchismoTests;
			productName = MatchismoTests;
			productReference = D090E4D5183FD064008E7064 /* MatchismoTests.xctest */;
			productType = "com.apple.product-type.bundle.unit-test";
		};
/* End PBXNativeTarget section */

/* Begin PBXProject section */
		D090E4AC183FD063008E7064 /* Project object */ = {
			isa = PBXProject;
			attributes = {
				CLASSPREFIX = CardGame;
				LastUpgradeCheck = 0500;
				ORGANIZATIONNAME = AravinthChandran;
				TargetAttributes = {
					D090E4D4183FD064008E7064 = {
						TestTargetID = D090E4B3183FD063008E7064;
					};
				};
			};
			buildConfigurationList = D090E4AF183FD063008E7064 /* Build configuration list for PBXProject "Matchismo" */;
			compatibilityVersion = "Xcode 3.2";
			developmentRegion = English;
			hasScannedForEncodings = 0;
			knownRegions = (
				en,
				Base,
			);
			mainGroup = D090E4AB183FD063008E7064;
			productRefGroup = D090E4B5183FD063008E7064 /* Products */;
			projectDirPath = "";
			projectRoot = "";
			targets = (
				D090E4B3183FD063008E7064 /* Matchismo */,
				D090E4D4183FD064008E7064 /* MatchismoTests */,
			);
		};
/* End PBXProject section */

/* Begin PBXResourcesBuildPhase section */
		D090E4B2183FD063008E7064 /* Resources */ = {
			isa = PBXResourcesBuildPhase;
			buildActionMask = 2147483647;
			files = (
				D090E4D0183FD064008E7064 /* Images.xcassets in Resources */,
				D090E4C2183FD063008E7064 /* InfoPlist.strings in Resources */,
				D090E4CB183FD064008E7064 /* Main.storyboard in Resources */,
			);
			runOnlyForDeploymentPostprocessing = 0;
		};
		D090E4D3183FD064008E7064 /* Resources */ = {
			isa = PBXResourcesBuildPhase;
			buildActionMask = 2147483647;
			files = (
				D090E4E1183FD064008E7064 /* InfoPlist.strings in Resources */,
			);
			runOnlyForDeploymentPostprocessing = 0;
		};
/* End PBXResourcesBuildPhase section */

/* Begin PBXSourcesBuildPhase section */
		D090E4B0183FD063008E7064 /* Sources */ = {
			isa = PBXSourcesBuildPhase;
			buildActionMask = 2147483647;
			files = (
				D0B255B7183FD6A1007B2DE7 /* PlayingCard.m in Sources */,
				D0B255B4183FD67C007B2DE7 /* Deck.m in Sources */,
				D090E4C8183FD063008E7064 /* CardGameAppDelegate.m in Sources */,
				D090E4CE183FD064008E7064 /* CardGameViewController.m in Sources */,
				D0180BCA18405C7B00FA8E9E /* CardMatchingGame.m in Sources */,
				D0B255BA183FD6C6007B2DE7 /* PlayingCardDeck.m in Sources */,
				D090E4C4183FD063008E7064 /* main.m in Sources */,
				D0B255B0183FD58D007B2DE7 /* Card.m in Sources */,
			);
			runOnlyForDeploymentPostprocessing = 0;
		};
		D090E4D1183FD064008E7064 /* Sources */ = {
			isa = PBXSourcesBuildPhase;
			buildActionMask = 2147483647;
			files = (
				D090E4E3183FD064008E7064 /* MatchismoTests.m in Sources */,
			);
			runOnlyForDeploymentPostprocessing = 0;
		};
/* End PBXSourcesBuildPhase section */

/* Begin PBXTargetDependency section */
		D090E4DB183FD064008E7064 /* PBXTargetDependency */ = {
			isa = PBXTargetDependency;
			target = D090E4B3183FD063008E7064 /* Matchismo */;
			targetProxy = D090E4DA183FD064008E7064 /* PBXContainerItemProxy */;
		};
/* End PBXTargetDependency section */

/* Begin PBXVariantGroup section */
		D090E4C0183FD063008E7064 /* InfoPlist.strings */ = {
			isa = PBXVariantGroup;
			children = (
				D090E4C1183FD063008E7064 /* en */,
			);
			name = InfoPlist.strings;
			sourceTree = "<group>";
		};
		D090E4C9183FD064008E7064 /* Main.storyboard */ = {
			isa = PBXVariantGroup;
			children = (
				D090E4CA183FD064008E7064 /* Base */,
			);
			name = Main.storyboard;
			sourceTree = "<group>";
		};
		D090E4DF183FD064008E7064 /* InfoPlist.strings */ = {
			isa = PBXVariantGroup;
			children = (
				D090E4E0183FD064008E7064 /* en */,
			);
			name = InfoPlist.strings;
			sourceTree = "<group>";
		};
/* End PBXVariantGroup section */

/* Begin XCBuildConfiguration section */
		D090E4E4183FD064008E7064 /* Debug */ = {
			isa = XCBuildConfiguration;
			buildSettings = {
				ALWAYS_SEARCH_USER_PATHS = NO;
				ARCHS = "$(ARCHS_STANDARD_INCLUDING_64_BIT)";
				CLANG_CXX_LANGUAGE_STANDARD = "gnu++0x";
				CLANG_CXX_LIBRARY = "libc++";
				CLANG_ENABLE_MODULES = YES;
				CLANG_ENABLE_OBJC_ARC = YES;
				CLANG_WARN_BOOL_CONVERSION = YES;
				CLANG_WARN_CONSTANT_CONVERSION = YES;
				CLANG_WARN_DIRECT_OBJC_ISA_USAGE = YES_ERROR;
				CLANG_WARN_EMPTY_BODY = YES;
				CLANG_WARN_ENUM_CONVERSION = YES;
				CLANG_WARN_INT_CONVERSION = YES;
				CLANG_WARN_OBJC_ROOT_CLASS = YES_ERROR;
				CLANG_WARN__DUPLICATE_METHOD_MATCH = YES;
				"CODE_SIGN_IDENTITY[sdk=iphoneos*]" = "iPhone Developer";
				COPY_PHASE_STRIP = NO;
				GCC_C_LANGUAGE_STANDARD = gnu99;
				GCC_DYNAMIC_NO_PIC = NO;
				GCC_OPTIMIZATION_LEVEL = 0;
				GCC_PREPROCESSOR_DEFINITIONS = (
					"DEBUG=1",
					"$(inherited)",
				);
				GCC_SYMBOLS_PRIVATE_EXTERN = NO;
				GCC_WARN_64_TO_32_BIT_CONVERSION = YES;
				GCC_WARN_ABOUT_RETURN_TYPE = YES_ERROR;
				GCC_WARN_UNDECLARED_SELECTOR = YES;
				GCC_WARN_UNINITIALIZED_AUTOS = YES;
				GCC_WARN_UNUSED_FUNCTION = YES;
				GCC_WARN_UNUSED_VARIABLE = YES;
				IPHONEOS_DEPLOYMENT_TARGET = 7.0;
				ONLY_ACTIVE_ARCH = YES;
				SDKROOT = iphoneos;
			};
			name = Debug;
		};
		D090E4E5183FD064008E7064 /* Release */ = {
			isa = XCBuildConfiguration;
			buildSettings = {
				ALWAYS_SEARCH_USER_PATHS = NO;
				ARCHS = "$(ARCHS_STANDARD_INCLUDING_64_BIT)";
				CLANG_CXX_LANGUAGE_STANDARD = "gnu++0x";
				CLANG_CXX_LIBRARY = "libc++";
				CLANG_ENABLE_MODULES = YES;
				CLANG_ENABLE_OBJC_ARC = YES;
				CLANG_WARN_BOOL_CONVERSION = YES;
				CLANG_WARN_CONSTANT_CONVERSION = YES;
				CLANG_WARN_DIRECT_OBJC_ISA_USAGE = YES_ERROR;
				CLANG_WARN_EMPTY_BODY = YES;
				CLANG_WARN_ENUM_CONVERSION = YES;
				CLANG_WARN_INT_CONVERSION = YES;
				CLANG_WARN_OBJC_ROOT_CLASS = YES_ERROR;
				CLANG_WARN__DUPLICATE_METHOD_MATCH = YES;
				"CODE_SIGN_IDENTITY[sdk=iphoneos*]" = "iPhone Developer";
				COPY_PHASE_STRIP = YES;
				ENABLE_NS_ASSERTIONS = NO;
				GCC_C_LANGUAGE_STANDARD = gnu99;
				GCC_WARN_64_TO_32_BIT_CONVERSION = YES;
				GCC_WARN_ABOUT_RETURN_TYPE = YES_ERROR;
				GCC_WARN_UNDECLARED_SELECTOR = YES;
				GCC_WARN_UNINITIALIZED_AUTOS = YES;
				GCC_WARN_UNUSED_FUNCTION = YES;
				GCC_WARN_UNUSED_VARIABLE = YES;
				IPHONEOS_DEPLOYMENT_TARGET = 7.0;
				SDKROOT = iphoneos;
				VALIDATE_PRODUCT = YES;
			};
			name = Release;
		};
		D090E4E7183FD064008E7064 /* Debug */ = {
			isa = XCBuildConfiguration;
			buildSettings = {
				ASSETCATALOG_COMPILER_APPICON_NAME = AppIcon;
				ASSETCATALOG_COMPILER_LAUNCHIMAGE_NAME = LaunchImage;
				GCC_PRECOMPILE_PREFIX_HEADER = YES;
				GCC_PREFIX_HEADER = "Matchismo/Matchismo-Prefix.pch";
				INFOPLIST_FILE = "Matchismo/Matchismo-Info.plist";
				PRODUCT_NAME = "$(TARGET_NAME)";
				WRAPPER_EXTENSION = app;
			};
			name = Debug;
		};
		D090E4E8183FD064008E7064 /* Release */ = {
			isa = XCBuildConfiguration;
			buildSettings = {
				ASSETCATALOG_COMPILER_APPICON_NAME = AppIcon;
				ASSETCATALOG_COMPILER_LAUNCHIMAGE_NAME = LaunchImage;
				GCC_PRECOMPILE_PREFIX_HEADER = YES;
				GCC_PREFIX_HEADER = "Matchismo/Matchismo-Prefix.pch";
				INFOPLIST_FILE = "Matchismo/Matchismo-Info.plist";
				PRODUCT_NAME = "$(TARGET_NAME)";
				WRAPPER_EXTENSION = app;
			};
			name = Release;
		};
		D090E4EA183FD064008E7064 /* Debug */ = {
			isa = XCBuildConfiguration;
			buildSettings = {
				ARCHS = "$(ARCHS_STANDARD_INCLUDING_64_BIT)";
				BUNDLE_LOADER = "$(BUILT_PRODUCTS_DIR)/Matchismo.app/Matchismo";
				FRAMEWORK_SEARCH_PATHS = (
					"$(SDKROOT)/Developer/Library/Frameworks",
					"$(inherited)",
					"$(DEVELOPER_FRAMEWORKS_DIR)",
				);
				GCC_PRECOMPILE_PREFIX_HEADER = YES;
				GCC_PREFIX_HEADER = "Matchismo/Matchismo-Prefix.pch";
				GCC_PREPROCESSOR_DEFINITIONS = (
					"DEBUG=1",
					"$(inherited)",
				);
				INFOPLIST_FILE = "MatchismoTests/MatchismoTests-Info.plist";
				PRODUCT_NAME = "$(TARGET_NAME)";
				TEST_HOST = "$(BUNDLE_LOADER)";
				WRAPPER_EXTENSION = xctest;
			};
			name = Debug;
		};
		D090E4EB183FD064008E7064 /* Release */ = {
			isa = XCBuildConfiguration;
			buildSettings = {
				ARCHS = "$(ARCHS_STANDARD_INCLUDING_64_BIT)";
				BUNDLE_LOADER = "$(BUILT_PRODUCTS_DIR)/Matchismo.app/Matchismo";
				FRAMEWORK_SEARCH_PATHS = (
					"$(SDKROOT)/Developer/Library/Frameworks",
					"$(inherited)",
					"$(DEVELOPER_FRAMEWORKS_DIR)",
				);
				GCC_PRECOMPILE_PREFIX_HEADER = YES;
				GCC_PREFIX_HEADER = "Matchismo/Matchismo-Prefix.pch";
				INFOPLIST_FILE = "MatchismoTests/MatchismoTests-Info.plist";
				PRODUCT_NAME = "$(TARGET_NAME)";
				TEST_HOST = "$(BUNDLE_LOADER)";
				WRAPPER_EXTENSION = xctest;
			};
			name = Release;
		};
/* End XCBuildConfiguration section */

/* Begin XCConfigurationList section */
		D090E4AF183FD063008E7064 /* Build configuration list for PBXProject "Matchismo" */ = {
			isa = XCConfigurationList;
			buildConfigurations = (
				D090E4E4183FD064008E7064 /* Debug */,
				D090E4E5183FD064008E7064 /* Release */,
			);
			defaultConfigurationIsVisible = 0;
			defaultConfigurationName = Release;
		};
		D090E4E6183FD064008E7064 /* Build configuration list for PBXNativeTarget "Matchismo" */ = {
			isa = XCConfigurationList;
			buildConfigurations = (
				D090E4E7183FD064008E7064 /* Debug */,
				D090E4E8183FD064008E7064 /* Release */,
			);
			defaultConfigurationIsVisible = 0;
			defaultConfigurationName = Release;
		};
		D090E4E9183FD064008E7064 /* Build configuration list for PBXNativeTarget "MatchismoTests" */ = {
			isa = XCConfigurationList;
			buildConfigurations = (
				D090E4EA183FD064008E7064 /* Debug */,
				D090E4EB183FD064008E7064 /* Release */,
			);
			defaultConfigurationIsVisible = 0;
			defaultConfigurationName = Release;
		};
/* End XCConfigurationList section */
	};
	rootObject = D090E4AC183FD063008E7064 /* Project object */;
}
